
Microsoft Visual Studio Solution File, Format Version 12.00
# Visual Studio Version 16
VisualStudioVersion = 16.0.29123.88
MinimumVisualStudioVersion = 10.0.40219.1
Project("{F184B08F-C81C-45F6-A57F-5ABD9991F28F}") = "Tarea2Ing", "Tarea2Ing\Tarea2Ing.vbproj", "{350D7E80-22A6-46B8-BCE2-949F3810A788}"
EndProject
Global
	GlobalSection(SolutionConfigurationPlatforms) = preSolution
		Debug|Any CPU = Debug|Any CPU
		Release|Any CPU = Release|Any CPU
	EndGlobalSection
	GlobalSection(ProjectConfigurationPlatforms) = postSolution
		{350D7E80-22A6-46B8-BCE2-949F3810A788}.Debug|Any CPU.ActiveCfg = Debug|Any CPU
		{350D7E80-22A6-46B8-BCE2-949F3810A788}.Debug|Any CPU.Build.0 = Debug|Any CPU
		{350D7E80-22A6-46B8-BCE2-949F3810A788}.Release|Any CPU.ActiveCfg = Release|Any CPU
		{350D7E80-22A6-46B8-BCE2-949F3810A788}.Release|Any CPU.Build.0 = Release|Any CPU
	EndGlobalSection
	GlobalSection(SolutionProperties) = preSolution
		HideSolutionNode = FALSE
	EndGlobalSection
	GlobalSection(ExtensibilityGlobals) = postSolution
		SolutionGuid = {49A5B550-9BDF-4A80-B7B9-AC2CDD871C43}
	EndGlobalSection
EndGlobal
