
Microsoft Visual Studio Solution File, Format Version 12.00
# Visual Studio Version 16
VisualStudioVersion = 16.0.29123.88
MinimumVisualStudioVersion = 10.0.40219.1
Project("{F184B08F-C81C-45F6-A57F-5ABD9991F28F}") = "ejercicio2", "ejercicio2\ejercicio2.vbproj", "{08284865-EA01-42F2-987F-8244063B879E}"
EndProject
Global
	GlobalSection(SolutionConfigurationPlatforms) = preSolution
		Debug|Any CPU = Debug|Any CPU
		Release|Any CPU = Release|Any CPU
	EndGlobalSection
	GlobalSection(ProjectConfigurationPlatforms) = postSolution
		{08284865-EA01-42F2-987F-8244063B879E}.Debug|Any CPU.ActiveCfg = Debug|Any CPU
		{08284865-EA01-42F2-987F-8244063B879E}.Debug|Any CPU.Build.0 = Debug|Any CPU
		{08284865-EA01-42F2-987F-8244063B879E}.Release|Any CPU.ActiveCfg = Release|Any CPU
		{08284865-EA01-42F2-987F-8244063B879E}.Release|Any CPU.Build.0 = Release|Any CPU
	EndGlobalSection
	GlobalSection(SolutionProperties) = preSolution
		HideSolutionNode = FALSE
	EndGlobalSection
	GlobalSection(ExtensibilityGlobals) = postSolution
		SolutionGuid = {BA18547A-829D-4A99-B546-11F8A971E5C1}
	EndGlobalSection
EndGlobal
